
Microsoft Visual Studio Solution File, Format Version 12.00
# Visual Studio 14
VisualStudioVersion = 14.0.25420.1
MinimumVisualStudioVersion = 10.0.40219.1
Project("{FAE04EC0-301F-11D3-BF4B-00C04F79EFBC}") = "SampleWebApp", "SampleWebApp\SampleWebApp.csproj", "{29AA6AFB-F336-40D1-9E20-2E2D583F1CB8}"
EndProject
Project("{00D1A9C2-B5F0-4AF3-8072-F6C62B433612}") = "SampleDB", "SampleDB\SampleDB.sqlproj", "{BCB0CF56-08CB-4C66-8F41-9F381CDBDF3B}"
EndProject
Global
	GlobalSection(SolutionConfigurationPlatforms) = preSolution
		Debug|Any CPU = Debug|Any CPU
		Release|Any CPU = Release|Any CPU
	EndGlobalSection
	GlobalSection(ProjectConfigurationPlatforms) = postSolution
		{29AA6AFB-F336-40D1-9E20-2E2D583F1CB8}.Debug|Any CPU.ActiveCfg = Debug|Any CPU
		{29AA6AFB-F336-40D1-9E20-2E2D583F1CB8}.Debug|Any CPU.Build.0 = Debug|Any CPU
		{29AA6AFB-F336-40D1-9E20-2E2D583F1CB8}.Release|Any CPU.ActiveCfg = Release|Any CPU
		{29AA6AFB-F336-40D1-9E20-2E2D583F1CB8}.Release|Any CPU.Build.0 = Release|Any CPU
		{BCB0CF56-08CB-4C66-8F41-9F381CDBDF3B}.Debug|Any CPU.ActiveCfg = Debug|Any CPU
		{BCB0CF56-08CB-4C66-8F41-9F381CDBDF3B}.Debug|Any CPU.Build.0 = Debug|Any CPU
		{BCB0CF56-08CB-4C66-8F41-9F381CDBDF3B}.Debug|Any CPU.Deploy.0 = Debug|Any CPU
		{BCB0CF56-08CB-4C66-8F41-9F381CDBDF3B}.Release|Any CPU.ActiveCfg = Release|Any CPU
		{BCB0CF56-08CB-4C66-8F41-9F381CDBDF3B}.Release|Any CPU.Build.0 = Release|Any CPU
		{BCB0CF56-08CB-4C66-8F41-9F381CDBDF3B}.Release|Any CPU.Deploy.0 = Release|Any CPU
	EndGlobalSection
	GlobalSection(SolutionProperties) = preSolution
		HideSolutionNode = FALSE
	EndGlobalSection
EndGlobal
